
Microsoft Visual Studio Solution File, Format Version 12.00
# Visual Studio Version 17
VisualStudioVersion = 17.11.35312.102
MinimumVisualStudioVersion = 10.0.40219.1
Project("{FAE04EC0-301F-11D3-BF4B-00C04F79EFBC}") = "DataCollection", "DataCollection.csproj", "{26FE5EE8-3832-4137-9AC9-042AF15E1569}"
EndProject
Global
	GlobalSection(SolutionConfigurationPlatforms) = preSolution
		Debug|Any CPU = Debug|Any CPU
		Release|Any CPU = Release|Any CPU
	EndGlobalSection
	GlobalSection(ProjectConfigurationPlatforms) = postSolution
		{26FE5EE8-3832-4137-9AC9-042AF15E1569}.Debug|Any CPU.ActiveCfg = Debug|Any CPU
		{26FE5EE8-3832-4137-9AC9-042AF15E1569}.Debug|Any CPU.Build.0 = Debug|Any CPU
		{26FE5EE8-3832-4137-9AC9-042AF15E1569}.Release|Any CPU.ActiveCfg = Release|Any CPU
		{26FE5EE8-3832-4137-9AC9-042AF15E1569}.Release|Any CPU.Build.0 = Release|Any CPU
	EndGlobalSection
	GlobalSection(SolutionProperties) = preSolution
		HideSolutionNode = FALSE
	EndGlobalSection
	GlobalSection(ExtensibilityGlobals) = postSolution
		SolutionGuid = {740C299A-13F1-4764-A16E-E01442A41F32}
	EndGlobalSection
EndGlobal
